{
  "name": "term-jack",
  "version": "1.0.0",
  "lockfileVersion": 1,
  "requires": true,
  "dependencies": {
    "colors": {
      "version": "1.4.0"
    },
    "nan": {
      "version": "2.14.1",
      "resolved": "https://registry.npmjs.org/nan/-/nan-2.14.1.tgz",
      "integrity": "sha512-isWHgVjnFjh2x2yuJ/tj3JbwoHu3UC2dX5G/88Cm24yB6YopVgxvBObDY7n5xW6ExmFhJpSEQqFPvq9zaXc8Jw==",
      "dev": true
    },
    "readline-sync": {
      "version": "1.4.10"
    },
    "sleep": {
      "version": "6.2.0",
      "resolved": "https://registry.npmjs.org/sleep/-/sleep-6.2.0.tgz",
      "integrity": "sha512-W4Rpfx82IGEa3lMQQPBbew0lvb0u3WY5geYzeVmIvNuc/y3YUcx2c02zZBOk+R8E318KAtYU/Ee5tqZwrKqZHg==",
      "dev": true,
      "requires": {
        "nan": "^2.13.2"
      }
    }
  }
}
